// !$*UTF8*$!
{
	archiveVersion = 1;
	classes = {
	};
	objectVersion = 50;
	objects = {

/* Begin PBXBuildFile section */
		096879CD25C088E800A48EE5 /* AppDelegate.swift in Sources */ = {isa = PBXBuildFile; fileRef = 096879CC25C088E800A48EE5 /* AppDelegate.swift */; };
		096879CF25C088E800A48EE5 /* SceneDelegate.swift in Sources */ = {isa = PBXBuildFile; fileRef = 096879CE25C088E800A48EE5 /* SceneDelegate.swift */; };
		096879D125C088E800A48EE5 /* MainViewController.swift in Sources */ = {isa = PBXBuildFile; fileRef = 096879D025C088E800A48EE5 /* MainViewController.swift */; };
		096879D425C088E800A48EE5 /* Main.storyboard in Resources */ = {isa = PBXBuildFile; fileRef = 096879D225C088E800A48EE5 /* Main.storyboard */; };
		096879D625C088EB00A48EE5 /* Assets.xcassets in Resources */ = {isa = PBXBuildFile; fileRef = 096879D525C088EB00A48EE5 /* Assets.xcassets */; };
		096879D925C088EB00A48EE5 /* LaunchScreen.storyboard in Resources */ = {isa = PBXBuildFile; fileRef = 096879D725C088EB00A48EE5 /* LaunchScreen.storyboard */; };
		096879E725C095C300A48EE5 /* GeneralController.swift in Sources */ = {isa = PBXBuildFile; fileRef = 096879E625C095C300A48EE5 /* GeneralController.swift */; };
		096879EB25C0961C00A48EE5 /* SettingsController.swift in Sources */ = {isa = PBXBuildFile; fileRef = 096879EA25C0961C00A48EE5 /* SettingsController.swift */; };
		096879F025C1A14900A48EE5 /* QRCodeViewController.swift in Sources */ = {isa = PBXBuildFile; fileRef = 096879EF25C1A14900A48EE5 /* QRCodeViewController.swift */; };
/* End PBXBuildFile section */

/* Begin PBXFileReference section */
		096879C925C088E800A48EE5 /* QRCodeApp.app */ = {isa = PBXFileReference; explicitFileType = wrapper.application; includeInIndex = 0; path = QRCodeApp.app; sourceTree = BUILT_PRODUCTS_DIR; };
		096879CC25C088E800A48EE5 /* AppDelegate.swift */ = {isa = PBXFileReference; lastKnownFileType = sourcecode.swift; path = AppDelegate.swift; sourceTree = "<group>"; };
		096879CE25C088E800A48EE5 /* SceneDelegate.swift */ = {isa = PBXFileReference; lastKnownFileType = sourcecode.swift; path = SceneDelegate.swift; sourceTree = "<group>"; };
		096879D025C088E800A48EE5 /* MainViewController.swift */ = {isa = PBXFileReference; lastKnownFileType = sourcecode.swift; path = MainViewController.swift; sourceTree = "<group>"; };
		096879D325C088E800A48EE5 /* Base */ = {isa = PBXFileReference; lastKnownFileType = file.storyboard; name = Base; path = Base.lproj/Main.storyboard; sourceTree = "<group>"; };
		096879D525C088EB00A48EE5 /* Assets.xcassets */ = {isa = PBXFileReference; lastKnownFileType = folder.assetcatalog; path = Assets.xcassets; sourceTree = "<group>"; };
		096879D825C088EB00A48EE5 /* Base */ = {isa = PBXFileReference; lastKnownFileType = file.storyboard; name = Base; path = Base.lproj/LaunchScreen.storyboard; sourceTree = "<group>"; };
		096879DA25C088EB00A48EE5 /* Info.plist */ = {isa = PBXFileReference; lastKnownFileType = text.plist.xml; path = Info.plist; sourceTree = "<group>"; };
		096879E625C095C300A48EE5 /* GeneralController.swift */ = {isa = PBXFileReference; lastKnownFileType = sourcecode.swift; path = GeneralController.swift; sourceTree = "<group>"; };
		096879EA25C0961C00A48EE5 /* SettingsController.swift */ = {isa = PBXFileReference; lastKnownFileType = sourcecode.swift; path = SettingsController.swift; sourceTree = "<group>"; };
		096879EF25C1A14900A48EE5 /* QRCodeViewController.swift */ = {isa = PBXFileReference; lastKnownFileType = sourcecode.swift; path = QRCodeViewController.swift; sourceTree = "<group>"; };
/* End PBXFileReference section */

/* Begin PBXFrameworksBuildPhase section */
		096879C625C088E800A48EE5 /* Frameworks */ = {
			isa = PBXFrameworksBuildPhase;
			buildActionMask = 2147483647;
			files = (
			);
			runOnlyForDeploymentPostprocessing = 0;
		};
/* End PBXFrameworksBuildPhase section */

/* Begin PBXGroup section */
		096879C025C088E800A48EE5 = {
			isa = PBXGroup;
			children = (
				096879CB25C088E800A48EE5 /* QRCodeApp */,
				096879CA25C088E800A48EE5 /* Products */,
			);
			sourceTree = "<group>";
		};
		096879CA25C088E800A48EE5 /* Products */ = {
			isa = PBXGroup;
			children = (
				096879C925C088E800A48EE5 /* QRCodeApp.app */,
			);
			name = Products;
			sourceTree = "<group>";
		};
		096879CB25C088E800A48EE5 /* QRCodeApp */ = {
			isa = PBXGroup;
			children = (
				096879E925C095C800A48EE5 /* Controllers */,
				096879CC25C088E800A48EE5 /* AppDelegate.swift */,
				096879CE25C088E800A48EE5 /* SceneDelegate.swift */,
				096879D225C088E800A48EE5 /* Main.storyboard */,
				096879D525C088EB00A48EE5 /* Assets.xcassets */,
				096879D725C088EB00A48EE5 /* LaunchScreen.storyboard */,
				096879DA25C088EB00A48EE5 /* Info.plist */,
			);
			path = QRCodeApp;
			sourceTree = "<group>";
		};
		096879E925C095C800A48EE5 /* Controllers */ = {
			isa = PBXGroup;
			children = (
				096879E625C095C300A48EE5 /* GeneralController.swift */,
				096879EF25C1A14900A48EE5 /* QRCodeViewController.swift */,
				096879EA25C0961C00A48EE5 /* SettingsController.swift */,
				096879D025C088E800A48EE5 /* MainViewController.swift */,
			);
			path = Controllers;
			sourceTree = "<group>";
		};
/* End PBXGroup section */

/* Begin PBXNativeTarget section */
		096879C825C088E800A48EE5 /* QRCodeApp */ = {
			isa = PBXNativeTarget;
			buildConfigurationList = 096879DD25C088EB00A48EE5 /* Build configuration list for PBXNativeTarget "QRCodeApp" */;
			buildPhases = (
				096879C525C088E800A48EE5 /* Sources */,
				096879C625C088E800A48EE5 /* Frameworks */,
				096879C725C088E800A48EE5 /* Resources */,
			);
			buildRules = (
			);
			dependencies = (
			);
			name = QRCodeApp;
			productName = QRCodeApp;
			productReference = 096879C925C088E800A48EE5 /* QRCodeApp.app */;
			productType = "com.apple.product-type.application";
		};
/* End PBXNativeTarget section */

/* Begin PBXProject section */
		096879C125C088E800A48EE5 /* Project object */ = {
			isa = PBXProject;
			attributes = {
				LastSwiftUpdateCheck = 1230;
				LastUpgradeCheck = 1230;
				TargetAttributes = {
					096879C825C088E800A48EE5 = {
						CreatedOnToolsVersion = 12.3;
					};
				};
			};
			buildConfigurationList = 096879C425C088E800A48EE5 /* Build configuration list for PBXProject "QRCodeApp" */;
			compatibilityVersion = "Xcode 9.3";
			developmentRegion = en;
			hasScannedForEncodings = 0;
			knownRegions = (
				en,
				Base,
			);
			mainGroup = 096879C025C088E800A48EE5;
			productRefGroup = 096879CA25C088E800A48EE5 /* Products */;
			projectDirPath = "";
			projectRoot = "";
			targets = (
				096879C825C088E800A48EE5 /* QRCodeApp */,
			);
		};
/* End PBXProject section */

/* Begin PBXResourcesBuildPhase section */
		096879C725C088E800A48EE5 /* Resources */ = {
			isa = PBXResourcesBuildPhase;
			buildActionMask = 2147483647;
			files = (
				096879D925C088EB00A48EE5 /* LaunchScreen.storyboard in Resources */,
				096879D625C088EB00A48EE5 /* Assets.xcassets in Resources */,
				096879D425C088E800A48EE5 /* Main.storyboard in Resources */,
			);
			runOnlyForDeploymentPostprocessing = 0;
		};
/* End PBXResourcesBuildPhase section */

/* Begin PBXSourcesBuildPhase section */
		096879C525C088E800A48EE5 /* Sources */ = {
			isa = PBXSourcesBuildPhase;
			buildActionMask = 2147483647;
			files = (
				096879F025C1A14900A48EE5 /* QRCodeViewController.swift in Sources */,
				096879EB25C0961C00A48EE5 /* SettingsController.swift in Sources */,
				096879E725C095C300A48EE5 /* GeneralController.swift in Sources */,
				096879D125C088E800A48EE5 /* MainViewController.swift in Sources */,
				096879CD25C088E800A48EE5 /* AppDelegate.swift in Sources */,
				096879CF25C088E800A48EE5 /* SceneDelegate.swift in Sources */,
			);
			runOnlyForDeploymentPostprocessing = 0;
		};
/* End PBXSourcesBuildPhase section */

/* Begin PBXVariantGroup section */
		096879D225C088E800A48EE5 /* Main.storyboard */ = {
			isa = PBXVariantGroup;
			children = (
				096879D325C088E800A48EE5 /* Base */,
			);
			name = Main.storyboard;
			sourceTree = "<group>";
		};
		096879D725C088EB00A48EE5 /* LaunchScreen.storyboard */ = {
			isa = PBXVariantGroup;
			children = (
				096879D825C088EB00A48EE5 /* Base */,
			);
			name = LaunchScreen.storyboard;
			sourceTree = "<group>";
		};
/* End PBXVariantGroup section */

/* Begin XCBuildConfiguration section */
		096879DB25C088EB00A48EE5 /* Debug */ = {
			isa = XCBuildConfiguration;
			buildSettings = {
				ALWAYS_SEARCH_USER_PATHS = NO;
				CLANG_ANALYZER_NONNULL = YES;
				CLANG_ANALYZER_NUMBER_OBJECT_CONVERSION = YES_AGGRESSIVE;
				CLANG_CXX_LANGUAGE_STANDARD = "gnu++14";
				CLANG_CXX_LIBRARY = "libc++";
				CLANG_ENABLE_MODULES = YES;
				CLANG_ENABLE_OBJC_ARC = YES;
				CLANG_ENABLE_OBJC_WEAK = YES;
				CLANG_WARN_BLOCK_CAPTURE_AUTORELEASING = YES;
				CLANG_WARN_BOOL_CONVERSION = YES;
				CLANG_WARN_COMMA = YES;
				CLANG_WARN_CONSTANT_CONVERSION = YES;
				CLANG_WARN_DEPRECATED_OBJC_IMPLEMENTATIONS = YES;
				CLANG_WARN_DIRECT_OBJC_ISA_USAGE = YES_ERROR;
				CLANG_WARN_DOCUMENTATION_COMMENTS = YES;
				CLANG_WARN_EMPTY_BODY = YES;
				CLANG_WARN_ENUM_CONVERSION = YES;
				CLANG_WARN_INFINITE_RECURSION = YES;
				CLANG_WARN_INT_CONVERSION = YES;
				CLANG_WARN_NON_LITERAL_NULL_CONVERSION = YES;
				CLANG_WARN_OBJC_IMPLICIT_RETAIN_SELF = YES;
				CLANG_WARN_OBJC_LITERAL_CONVERSION = YES;
				CLANG_WARN_OBJC_ROOT_CLASS = YES_ERROR;
				CLANG_WARN_QUOTED_INCLUDE_IN_FRAMEWORK_HEADER = YES;
				CLANG_WARN_RANGE_LOOP_ANALYSIS = YES;
				CLANG_WARN_STRICT_PROTOTYPES = YES;
				CLANG_WARN_SUSPICIOUS_MOVE = YES;
				CLANG_WARN_UNGUARDED_AVAILABILITY = YES_AGGRESSIVE;
				CLANG_WARN_UNREACHABLE_CODE = YES;
				CLANG_WARN__DUPLICATE_METHOD_MATCH = YES;
				COPY_PHASE_STRIP = NO;
				DEBUG_INFORMATION_FORMAT = dwarf;
				ENABLE_STRICT_OBJC_MSGSEND = YES;
				ENABLE_TESTABILITY = YES;
				GCC_C_LANGUAGE_STANDARD = gnu11;
				GCC_DYNAMIC_NO_PIC = NO;
				GCC_NO_COMMON_BLOCKS = YES;
				GCC_OPTIMIZATION_LEVEL = 0;
				GCC_PREPROCESSOR_DEFINITIONS = (
					"DEBUG=1",
					"$(inherited)",
				);
				GCC_WARN_64_TO_32_BIT_CONVERSION = YES;
				GCC_WARN_ABOUT_RETURN_TYPE = YES_ERROR;
				GCC_WARN_UNDECLARED_SELECTOR = YES;
				GCC_WARN_UNINITIALIZED_AUTOS = YES_AGGRESSIVE;
				GCC_WARN_UNUSED_FUNCTION = YES;
				GCC_WARN_UNUSED_VARIABLE = YES;
				IPHONEOS_DEPLOYMENT_TARGET = 14.3;
				MTL_ENABLE_DEBUG_INFO = INCLUDE_SOURCE;
				MTL_FAST_MATH = YES;
				ONLY_ACTIVE_ARCH = YES;
				SDKROOT = iphoneos;
				SWIFT_ACTIVE_COMPILATION_CONDITIONS = DEBUG;
				SWIFT_OPTIMIZATION_LEVEL = "-Onone";
			};
			name = Debug;
		};
		096879DC25C088EB00A48EE5 /* Release */ = {
			isa = XCBuildConfiguration;
			buildSettings = {
				ALWAYS_SEARCH_USER_PATHS = NO;
				CLANG_ANALYZER_NONNULL = YES;
				CLANG_ANALYZER_NUMBER_OBJECT_CONVERSION = YES_AGGRESSIVE;
				CLANG_CXX_LANGUAGE_STANDARD = "gnu++14";
				CLANG_CXX_LIBRARY = "libc++";
				CLANG_ENABLE_MODULES = YES;
				CLANG_ENABLE_OBJC_ARC = YES;
				CLANG_ENABLE_OBJC_WEAK = YES;
				CLANG_WARN_BLOCK_CAPTURE_AUTORELEASING = YES;
				CLANG_WARN_BOOL_CONVERSION = YES;
				CLANG_WARN_COMMA = YES;
				CLANG_WARN_CONSTANT_CONVERSION = YES;
				CLANG_WARN_DEPRECATED_OBJC_IMPLEMENTATIONS = YES;
				CLANG_WARN_DIRECT_OBJC_ISA_USAGE = YES_ERROR;
				CLANG_WARN_DOCUMENTATION_COMMENTS = YES;
				CLANG_WARN_EMPTY_BODY = YES;
				CLANG_WARN_ENUM_CONVERSION = YES;
				CLANG_WARN_INFINITE_RECURSION = YES;
				CLANG_WARN_INT_CONVERSION = YES;
				CLANG_WARN_NON_LITERAL_NULL_CONVERSION = YES;
				CLANG_WARN_OBJC_IMPLICIT_RETAIN_SELF = YES;
				CLANG_WARN_OBJC_LITERAL_CONVERSION = YES;
				CLANG_WARN_OBJC_ROOT_CLASS = YES_ERROR;
				CLANG_WARN_QUOTED_INCLUDE_IN_FRAMEWORK_HEADER = YES;
				CLANG_WARN_RANGE_LOOP_ANALYSIS = YES;
				CLANG_WARN_STRICT_PROTOTYPES = YES;
				CLANG_WARN_SUSPICIOUS_MOVE = YES;
				CLANG_WARN_UNGUARDED_AVAILABILITY = YES_AGGRESSIVE;
				CLANG_WARN_UNREACHABLE_CODE = YES;
				CLANG_WARN__DUPLICATE_METHOD_MATCH = YES;
				COPY_PHASE_STRIP = NO;
				DEBUG_INFORMATION_FORMAT = "dwarf-with-dsym";
				ENABLE_NS_ASSERTIONS = NO;
				ENABLE_STRICT_OBJC_MSGSEND = YES;
				GCC_C_LANGUAGE_STANDARD = gnu11;
				GCC_NO_COMMON_BLOCKS = YES;
				GCC_WARN_64_TO_32_BIT_CONVERSION = YES;
				GCC_WARN_ABOUT_RETURN_TYPE = YES_ERROR;
				GCC_WARN_UNDECLARED_SELECTOR = YES;
				GCC_WARN_UNINITIALIZED_AUTOS = YES_AGGRESSIVE;
				GCC_WARN_UNUSED_FUNCTION = YES;
				GCC_WARN_UNUSED_VARIABLE = YES;
				IPHONEOS_DEPLOYMENT_TARGET = 14.3;
				MTL_ENABLE_DEBUG_INFO = NO;
				MTL_FAST_MATH = YES;
				SDKROOT = iphoneos;
				SWIFT_COMPILATION_MODE = wholemodule;
				SWIFT_OPTIMIZATION_LEVEL = "-O";
				VALIDATE_PRODUCT = YES;
			};
			name = Release;
		};
		096879DE25C088EB00A48EE5 /* Debug */ = {
			isa = XCBuildConfiguration;
			buildSettings = {
				ASSETCATALOG_COMPILER_APPICON_NAME = AppIcon;
				ASSETCATALOG_COMPILER_GLOBAL_ACCENT_COLOR_NAME = AccentColor;
				CODE_SIGN_STYLE = Automatic;
				DEVELOPMENT_TEAM = B9R854R4A6;
				INFOPLIST_FILE = QRCodeApp/Info.plist;
				IPHONEOS_DEPLOYMENT_TARGET = 13.0;
				LD_RUNPATH_SEARCH_PATHS = (
					"$(inherited)",
					"@executable_path/Frameworks",
				);
				PRODUCT_BUNDLE_IDENTIFIER = com.Macbook.Bezlepkin.QRCodeApp;
				PRODUCT_NAME = "$(TARGET_NAME)";
				SWIFT_VERSION = 5.0;
				TARGETED_DEVICE_FAMILY = 1;
			};
			name = Debug;
		};
		096879DF25C088EB00A48EE5 /* Release */ = {
			isa = XCBuildConfiguration;
			buildSettings = {
				ASSETCATALOG_COMPILER_APPICON_NAME = AppIcon;
				ASSETCATALOG_COMPILER_GLOBAL_ACCENT_COLOR_NAME = AccentColor;
				CODE_SIGN_STYLE = Automatic;
				DEVELOPMENT_TEAM = B9R854R4A6;
				INFOPLIST_FILE = QRCodeApp/Info.plist;
				IPHONEOS_DEPLOYMENT_TARGET = 13.0;
				LD_RUNPATH_SEARCH_PATHS = (
					"$(inherited)",
					"@executable_path/Frameworks",
				);
				PRODUCT_BUNDLE_IDENTIFIER = com.Macbook.Bezlepkin.QRCodeApp;
				PRODUCT_NAME = "$(TARGET_NAME)";
				SWIFT_VERSION = 5.0;
				TARGETED_DEVICE_FAMILY = 1;
			};
			name = Release;
		};
/* End XCBuildConfiguration section */

/* Begin XCConfigurationList section */
		096879C425C088E800A48EE5 /* Build configuration list for PBXProject "QRCodeApp" */ = {
			isa = XCConfigurationList;
			buildConfigurations = (
				096879DB25C088EB00A48EE5 /* Debug */,
				096879DC25C088EB00A48EE5 /* Release */,
			);
			defaultConfigurationIsVisible = 0;
			defaultConfigurationName = Release;
		};
		096879DD25C088EB00A48EE5 /* Build configuration list for PBXNativeTarget "QRCodeApp" */ = {
			isa = XCConfigurationList;
			buildConfigurations = (
				096879DE25C088EB00A48EE5 /* Debug */,
				096879DF25C088EB00A48EE5 /* Release */,
			);
			defaultConfigurationIsVisible = 0;
			defaultConfigurationName = Release;
		};
/* End XCConfigurationList section */
	};
	rootObject = 096879C125C088E800A48EE5 /* Project object */;
}
